
Microsoft Visual Studio Solution File, Format Version 12.00
# Visual Studio Version 17
VisualStudioVersion = 17.7.34024.191
MinimumVisualStudioVersion = 10.0.40219.1
Project("{9A19103F-16F7-4668-BE54-9A1E7A4F7556}") = "CuadernoDeComunicaciones", "CuadernoDeComunicaciones.csproj", "{29AC773C-E283-4D79-8A29-673EFD7840FF}"
EndProject
Project("{FAE04EC0-301F-11D3-BF4B-00C04F79EFBC}") = "BibliotecaClases", "..\BibliotecaClases\BibliotecaClases.csproj", "{9531936B-330D-4C9C-9A6D-FB6A82F826C7}"
EndProject
Project("{FAE04EC0-301F-11D3-BF4B-00C04F79EFBC}") = "Serializer", "..\Serializer\Serializer.csproj", "{78E585AF-A8BA-48A7-9C02-BF1971529774}"
EndProject
Project("{FAE04EC0-301F-11D3-BF4B-00C04F79EFBC}") = "Excepciones", "..\Excepciones\Excepciones.csproj", "{7F60E982-D9E7-4403-A763-C028523732D1}"
EndProject
Global
	GlobalSection(SolutionConfigurationPlatforms) = preSolution
		Debug|Any CPU = Debug|Any CPU
		Release|Any CPU = Release|Any CPU
	EndGlobalSection
	GlobalSection(ProjectConfigurationPlatforms) = postSolution
		{29AC773C-E283-4D79-8A29-673EFD7840FF}.Debug|Any CPU.ActiveCfg = Debug|Any CPU
		{29AC773C-E283-4D79-8A29-673EFD7840FF}.Debug|Any CPU.Build.0 = Debug|Any CPU
		{29AC773C-E283-4D79-8A29-673EFD7840FF}.Release|Any CPU.ActiveCfg = Release|Any CPU
		{29AC773C-E283-4D79-8A29-673EFD7840FF}.Release|Any CPU.Build.0 = Release|Any CPU
		{9531936B-330D-4C9C-9A6D-FB6A82F826C7}.Debug|Any CPU.ActiveCfg = Debug|Any CPU
		{9531936B-330D-4C9C-9A6D-FB6A82F826C7}.Debug|Any CPU.Build.0 = Debug|Any CPU
		{9531936B-330D-4C9C-9A6D-FB6A82F826C7}.Release|Any CPU.ActiveCfg = Release|Any CPU
		{9531936B-330D-4C9C-9A6D-FB6A82F826C7}.Release|Any CPU.Build.0 = Release|Any CPU
		{78E585AF-A8BA-48A7-9C02-BF1971529774}.Debug|Any CPU.ActiveCfg = Debug|Any CPU
		{78E585AF-A8BA-48A7-9C02-BF1971529774}.Debug|Any CPU.Build.0 = Debug|Any CPU
		{78E585AF-A8BA-48A7-9C02-BF1971529774}.Release|Any CPU.ActiveCfg = Release|Any CPU
		{78E585AF-A8BA-48A7-9C02-BF1971529774}.Release|Any CPU.Build.0 = Release|Any CPU
		{7F60E982-D9E7-4403-A763-C028523732D1}.Debug|Any CPU.ActiveCfg = Debug|Any CPU
		{7F60E982-D9E7-4403-A763-C028523732D1}.Debug|Any CPU.Build.0 = Debug|Any CPU
		{7F60E982-D9E7-4403-A763-C028523732D1}.Release|Any CPU.ActiveCfg = Release|Any CPU
		{7F60E982-D9E7-4403-A763-C028523732D1}.Release|Any CPU.Build.0 = Release|Any CPU
	EndGlobalSection
	GlobalSection(SolutionProperties) = preSolution
		HideSolutionNode = FALSE
	EndGlobalSection
	GlobalSection(ExtensibilityGlobals) = postSolution
		SolutionGuid = {7CF9FA3F-AD34-4746-A5DF-1B4BF5DEC792}
	EndGlobalSection
EndGlobal
