
Microsoft Visual Studio Solution File, Format Version 12.00
# Visual Studio Version 17
VisualStudioVersion = 17.7.34024.191
MinimumVisualStudioVersion = 10.0.40219.1
Project("{FAE04EC0-301F-11D3-BF4B-00C04F79EFBC}") = "CuadernoDeComunicaciones", "CuadernoDeComunicaciones.csproj", "{29AC773C-E283-4D79-8A29-673EFD7840FF}"
EndProject
Global
	GlobalSection(SolutionConfigurationPlatforms) = preSolution
		Debug|Any CPU = Debug|Any CPU
		Release|Any CPU = Release|Any CPU
	EndGlobalSection
	GlobalSection(ProjectConfigurationPlatforms) = postSolution
		{29AC773C-E283-4D79-8A29-673EFD7840FF}.Debug|Any CPU.ActiveCfg = Debug|Any CPU
		{29AC773C-E283-4D79-8A29-673EFD7840FF}.Debug|Any CPU.Build.0 = Debug|Any CPU
		{29AC773C-E283-4D79-8A29-673EFD7840FF}.Release|Any CPU.ActiveCfg = Release|Any CPU
		{29AC773C-E283-4D79-8A29-673EFD7840FF}.Release|Any CPU.Build.0 = Release|Any CPU
	EndGlobalSection
	GlobalSection(SolutionProperties) = preSolution
		HideSolutionNode = FALSE
	EndGlobalSection
	GlobalSection(ExtensibilityGlobals) = postSolution
		SolutionGuid = {7CF9FA3F-AD34-4746-A5DF-1B4BF5DEC792}
	EndGlobalSection
EndGlobal
