
Microsoft Visual Studio Solution File, Format Version 12.00
# Visual Studio Version 17
VisualStudioVersion = 17.7.34024.191
MinimumVisualStudioVersion = 10.0.40219.1
Project("{FAE04EC0-301F-11D3-BF4B-00C04F79EFBC}") = "ControlDeEmpleados", "ControlDeEmpleados.csproj", "{58420C7E-0858-48E3-A17D-FD7D636ECBDD}"
EndProject
Global
	GlobalSection(SolutionConfigurationPlatforms) = preSolution
		Debug|Any CPU = Debug|Any CPU
		Release|Any CPU = Release|Any CPU
	EndGlobalSection
	GlobalSection(ProjectConfigurationPlatforms) = postSolution
		{58420C7E-0858-48E3-A17D-FD7D636ECBDD}.Debug|Any CPU.ActiveCfg = Debug|Any CPU
		{58420C7E-0858-48E3-A17D-FD7D636ECBDD}.Debug|Any CPU.Build.0 = Debug|Any CPU
		{58420C7E-0858-48E3-A17D-FD7D636ECBDD}.Release|Any CPU.ActiveCfg = Release|Any CPU
		{58420C7E-0858-48E3-A17D-FD7D636ECBDD}.Release|Any CPU.Build.0 = Release|Any CPU
	EndGlobalSection
	GlobalSection(SolutionProperties) = preSolution
		HideSolutionNode = FALSE
	EndGlobalSection
	GlobalSection(ExtensibilityGlobals) = postSolution
		SolutionGuid = {50B8A6FB-2FFB-4B78-8FD1-EBB931C7AB20}
	EndGlobalSection
EndGlobal
